// !$*UTF8*$!
{
	archiveVersion = 1;
	classes = {
	};
	objectVersion = 55;
	objects = {

/* Begin PBXBuildFile section */
		045C41312A1BFD3B0060E6BB /* TableViewCell.swift in Sources */ = {isa = PBXBuildFile; fileRef = 045C412F2A1BFD3B0060E6BB /* TableViewCell.swift */; };
		045C41322A1BFD3B0060E6BB /* TableViewCell.xib in Resources */ = {isa = PBXBuildFile; fileRef = 045C41302A1BFD3B0060E6BB /* TableViewCell.xib */; };
		045C41362A1C06AB0060E6BB /* avatar.png in Resources */ = {isa = PBXBuildFile; fileRef = 045C41352A1C06AB0060E6BB /* avatar.png */; };
		0471C1332A1D3C470091C39B /* Message.swift in Sources */ = {isa = PBXBuildFile; fileRef = 0471C1322A1D3C470091C39B /* Message.swift */; };
		04A5BF3C2A156313005C6546 /* AppDelegate.swift in Sources */ = {isa = PBXBuildFile; fileRef = 04A5BF3B2A156313005C6546 /* AppDelegate.swift */; };
		04A5BF3E2A156313005C6546 /* SceneDelegate.swift in Sources */ = {isa = PBXBuildFile; fileRef = 04A5BF3D2A156313005C6546 /* SceneDelegate.swift */; };
		04A5BF402A156313005C6546 /* RootViewController.swift in Sources */ = {isa = PBXBuildFile; fileRef = 04A5BF3F2A156313005C6546 /* RootViewController.swift */; };
		04A5BF432A156313005C6546 /* Main.storyboard in Resources */ = {isa = PBXBuildFile; fileRef = 04A5BF412A156313005C6546 /* Main.storyboard */; };
		04A5BF452A156319005C6546 /* Assets.xcassets in Resources */ = {isa = PBXBuildFile; fileRef = 04A5BF442A156319005C6546 /* Assets.xcassets */; };
		04A5BF482A156319005C6546 /* LaunchScreen.storyboard in Resources */ = {isa = PBXBuildFile; fileRef = 04A5BF462A156319005C6546 /* LaunchScreen.storyboard */; };
		04A5BF502A1567BA005C6546 /* chat image.png in Resources */ = {isa = PBXBuildFile; fileRef = 04A5BF4F2A1567BA005C6546 /* chat image.png */; };
		04A5BF552A1568E7005C6546 /* SignUpViewController.swift in Sources */ = {isa = PBXBuildFile; fileRef = 04A5BF532A1568E7005C6546 /* SignUpViewController.swift */; };
		04A5BF562A1568E7005C6546 /* SignUpViewController.xib in Resources */ = {isa = PBXBuildFile; fileRef = 04A5BF542A1568E7005C6546 /* SignUpViewController.xib */; };
		04A5BF592A156A8A005C6546 /* SignInViewController.swift in Sources */ = {isa = PBXBuildFile; fileRef = 04A5BF572A156A8A005C6546 /* SignInViewController.swift */; };
		04A5BF5A2A156A8A005C6546 /* SignInViewController.xib in Resources */ = {isa = PBXBuildFile; fileRef = 04A5BF582A156A8A005C6546 /* SignInViewController.xib */; };
		04A5BF5D2A156BEC005C6546 /* ChatViewController.swift in Sources */ = {isa = PBXBuildFile; fileRef = 04A5BF5B2A156BEC005C6546 /* ChatViewController.swift */; };
		04A5BF5E2A156BEC005C6546 /* ChatViewController.xib in Resources */ = {isa = PBXBuildFile; fileRef = 04A5BF5C2A156BEC005C6546 /* ChatViewController.xib */; };
		04C921CE2A190FD600E81E3F /* GoogleService-Info.plist in Resources */ = {isa = PBXBuildFile; fileRef = 04C921CD2A190FD600E81E3F /* GoogleService-Info.plist */; };
		D105FFAE721006E7898EB29B /* Pods_Chat.framework in Frameworks */ = {isa = PBXBuildFile; fileRef = 39007BDC4910E83641FE3DF6 /* Pods_Chat.framework */; };
/* End PBXBuildFile section */

/* Begin PBXFileReference section */
		045C412F2A1BFD3B0060E6BB /* TableViewCell.swift */ = {isa = PBXFileReference; lastKnownFileType = sourcecode.swift; path = TableViewCell.swift; sourceTree = "<group>"; };
		045C41302A1BFD3B0060E6BB /* TableViewCell.xib */ = {isa = PBXFileReference; lastKnownFileType = file.xib; name = TableViewCell.xib; path = "../New Group/TableViewCell.xib"; sourceTree = "<group>"; };
		045C41352A1C06AB0060E6BB /* avatar.png */ = {isa = PBXFileReference; lastKnownFileType = image.png; path = avatar.png; sourceTree = "<group>"; };
		0471C1322A1D3C470091C39B /* Message.swift */ = {isa = PBXFileReference; lastKnownFileType = sourcecode.swift; path = Message.swift; sourceTree = "<group>"; };
		04A5BF382A156313005C6546 /* Chat.app */ = {isa = PBXFileReference; explicitFileType = wrapper.application; includeInIndex = 0; path = Chat.app; sourceTree = BUILT_PRODUCTS_DIR; };
		04A5BF3B2A156313005C6546 /* AppDelegate.swift */ = {isa = PBXFileReference; lastKnownFileType = sourcecode.swift; path = AppDelegate.swift; sourceTree = "<group>"; };
		04A5BF3D2A156313005C6546 /* SceneDelegate.swift */ = {isa = PBXFileReference; lastKnownFileType = sourcecode.swift; path = SceneDelegate.swift; sourceTree = "<group>"; };
		04A5BF3F2A156313005C6546 /* RootViewController.swift */ = {isa = PBXFileReference; lastKnownFileType = sourcecode.swift; path = RootViewController.swift; sourceTree = "<group>"; };
		04A5BF422A156313005C6546 /* Base */ = {isa = PBXFileReference; lastKnownFileType = file.storyboard; name = Base; path = Base.lproj/Main.storyboard; sourceTree = "<group>"; };
		04A5BF442A156319005C6546 /* Assets.xcassets */ = {isa = PBXFileReference; lastKnownFileType = folder.assetcatalog; path = Assets.xcassets; sourceTree = "<group>"; };
		04A5BF472A156319005C6546 /* Base */ = {isa = PBXFileReference; lastKnownFileType = file.storyboard; name = Base; path = Base.lproj/LaunchScreen.storyboard; sourceTree = "<group>"; };
		04A5BF492A156319005C6546 /* Info.plist */ = {isa = PBXFileReference; lastKnownFileType = text.plist.xml; path = Info.plist; sourceTree = "<group>"; };
		04A5BF4F2A1567BA005C6546 /* chat image.png */ = {isa = PBXFileReference; lastKnownFileType = image.png; path = "chat image.png"; sourceTree = "<group>"; };
		04A5BF532A1568E7005C6546 /* SignUpViewController.swift */ = {isa = PBXFileReference; lastKnownFileType = sourcecode.swift; path = SignUpViewController.swift; sourceTree = "<group>"; };
		04A5BF542A1568E7005C6546 /* SignUpViewController.xib */ = {isa = PBXFileReference; lastKnownFileType = file.xib; path = SignUpViewController.xib; sourceTree = "<group>"; };
		04A5BF572A156A8A005C6546 /* SignInViewController.swift */ = {isa = PBXFileReference; lastKnownFileType = sourcecode.swift; path = SignInViewController.swift; sourceTree = "<group>"; };
		04A5BF582A156A8A005C6546 /* SignInViewController.xib */ = {isa = PBXFileReference; lastKnownFileType = file.xib; path = SignInViewController.xib; sourceTree = "<group>"; };
		04A5BF5B2A156BEC005C6546 /* ChatViewController.swift */ = {isa = PBXFileReference; lastKnownFileType = sourcecode.swift; path = ChatViewController.swift; sourceTree = "<group>"; };
		04A5BF5C2A156BEC005C6546 /* ChatViewController.xib */ = {isa = PBXFileReference; lastKnownFileType = file.xib; path = ChatViewController.xib; sourceTree = "<group>"; };
		04C921CD2A190FD600E81E3F /* GoogleService-Info.plist */ = {isa = PBXFileReference; fileEncoding = 4; lastKnownFileType = text.plist.xml; path = "GoogleService-Info.plist"; sourceTree = "<group>"; };
		31E8F93A00A52566DCF708EC /* Pods-Chat.release.xcconfig */ = {isa = PBXFileReference; includeInIndex = 1; lastKnownFileType = text.xcconfig; name = "Pods-Chat.release.xcconfig"; path = "Target Support Files/Pods-Chat/Pods-Chat.release.xcconfig"; sourceTree = "<group>"; };
		39007BDC4910E83641FE3DF6 /* Pods_Chat.framework */ = {isa = PBXFileReference; explicitFileType = wrapper.framework; includeInIndex = 0; path = Pods_Chat.framework; sourceTree = BUILT_PRODUCTS_DIR; };
		C5B8D73EFE4019284D4E0088 /* Pods-Chat.debug.xcconfig */ = {isa = PBXFileReference; includeInIndex = 1; lastKnownFileType = text.xcconfig; name = "Pods-Chat.debug.xcconfig"; path = "Target Support Files/Pods-Chat/Pods-Chat.debug.xcconfig"; sourceTree = "<group>"; };
/* End PBXFileReference section */

/* Begin PBXFrameworksBuildPhase section */
		04A5BF352A156313005C6546 /* Frameworks */ = {
			isa = PBXFrameworksBuildPhase;
			buildActionMask = 2147483647;
			files = (
				D105FFAE721006E7898EB29B /* Pods_Chat.framework in Frameworks */,
			);
			runOnlyForDeploymentPostprocessing = 0;
		};
/* End PBXFrameworksBuildPhase section */

/* Begin PBXGroup section */
		045C41372A1C0AF70060E6BB /* TableViewCell */ = {
			isa = PBXGroup;
			children = (
				045C41302A1BFD3B0060E6BB /* TableViewCell.xib */,
				045C412F2A1BFD3B0060E6BB /* TableViewCell.swift */,
			);
			path = TableViewCell;
			sourceTree = "<group>";
		};
		04A5BF2F2A156312005C6546 = {
			isa = PBXGroup;
			children = (
				04A5BF3A2A156313005C6546 /* Chat */,
				04A5BF392A156313005C6546 /* Products */,
				2EE30795E99ED2DE5165CF72 /* Pods */,
				679FB467E57C8351DAC14C8F /* Frameworks */,
			);
			sourceTree = "<group>";
		};
		04A5BF392A156313005C6546 /* Products */ = {
			isa = PBXGroup;
			children = (
				04A5BF382A156313005C6546 /* Chat.app */,
			);
			name = Products;
			sourceTree = "<group>";
		};
		04A5BF3A2A156313005C6546 /* Chat */ = {
			isa = PBXGroup;
			children = (
				04A5BF3B2A156313005C6546 /* AppDelegate.swift */,
				04A5BF3D2A156313005C6546 /* SceneDelegate.swift */,
				0471C1322A1D3C470091C39B /* Message.swift */,
				04A5BF5F2A15713C005C6546 /* RootViewController */,
				04A5BF602A15714E005C6546 /* SignUpViewController */,
				04A5BF612A157164005C6546 /* SignInViewController */,
				04A5BF622A15717C005C6546 /* ChatViewController */,
				04A5BF442A156319005C6546 /* Assets.xcassets */,
				045C41372A1C0AF70060E6BB /* TableViewCell */,
				04A5BF462A156319005C6546 /* LaunchScreen.storyboard */,
				04A5BF492A156319005C6546 /* Info.plist */,
				04A5BF4F2A1567BA005C6546 /* chat image.png */,
				04C921CD2A190FD600E81E3F /* GoogleService-Info.plist */,
				045C41352A1C06AB0060E6BB /* avatar.png */,
			);
			path = Chat;
			sourceTree = "<group>";
		};
		04A5BF5F2A15713C005C6546 /* RootViewController */ = {
			isa = PBXGroup;
			children = (
				04A5BF412A156313005C6546 /* Main.storyboard */,
				04A5BF3F2A156313005C6546 /* RootViewController.swift */,
			);
			path = RootViewController;
			sourceTree = "<group>";
		};
		04A5BF602A15714E005C6546 /* SignUpViewController */ = {
			isa = PBXGroup;
			children = (
				04A5BF542A1568E7005C6546 /* SignUpViewController.xib */,
				04A5BF532A1568E7005C6546 /* SignUpViewController.swift */,
			);
			path = SignUpViewController;
			sourceTree = "<group>";
		};
		04A5BF612A157164005C6546 /* SignInViewController */ = {
			isa = PBXGroup;
			children = (
				04A5BF582A156A8A005C6546 /* SignInViewController.xib */,
				04A5BF572A156A8A005C6546 /* SignInViewController.swift */,
			);
			path = SignInViewController;
			sourceTree = "<group>";
		};
		04A5BF622A15717C005C6546 /* ChatViewController */ = {
			isa = PBXGroup;
			children = (
				04A5BF5C2A156BEC005C6546 /* ChatViewController.xib */,
				04A5BF5B2A156BEC005C6546 /* ChatViewController.swift */,
			);
			path = ChatViewController;
			sourceTree = "<group>";
		};
		2EE30795E99ED2DE5165CF72 /* Pods */ = {
			isa = PBXGroup;
			children = (
				C5B8D73EFE4019284D4E0088 /* Pods-Chat.debug.xcconfig */,
				31E8F93A00A52566DCF708EC /* Pods-Chat.release.xcconfig */,
			);
			path = Pods;
			sourceTree = "<group>";
		};
		679FB467E57C8351DAC14C8F /* Frameworks */ = {
			isa = PBXGroup;
			children = (
				39007BDC4910E83641FE3DF6 /* Pods_Chat.framework */,
			);
			name = Frameworks;
			sourceTree = "<group>";
		};
/* End PBXGroup section */

/* Begin PBXNativeTarget section */
		04A5BF372A156313005C6546 /* Chat */ = {
			isa = PBXNativeTarget;
			buildConfigurationList = 04A5BF4C2A156319005C6546 /* Build configuration list for PBXNativeTarget "Chat" */;
			buildPhases = (
				65DCBF773200D42368891C0E /* [CP] Check Pods Manifest.lock */,
				04A5BF342A156313005C6546 /* Sources */,
				04A5BF352A156313005C6546 /* Frameworks */,
				04A5BF362A156313005C6546 /* Resources */,
				A40F79DAAEF207354D910465 /* [CP] Embed Pods Frameworks */,
			);
			buildRules = (
			);
			dependencies = (
			);
			name = Chat;
			productName = Chat;
			productReference = 04A5BF382A156313005C6546 /* Chat.app */;
			productType = "com.apple.product-type.application";
		};
/* End PBXNativeTarget section */

/* Begin PBXProject section */
		04A5BF302A156312005C6546 /* Project object */ = {
			isa = PBXProject;
			attributes = {
				BuildIndependentTargetsInParallel = 1;
				LastSwiftUpdateCheck = 1320;
				LastUpgradeCheck = 1320;
				TargetAttributes = {
					04A5BF372A156313005C6546 = {
						CreatedOnToolsVersion = 13.2.1;
					};
				};
			};
			buildConfigurationList = 04A5BF332A156312005C6546 /* Build configuration list for PBXProject "Chat" */;
			compatibilityVersion = "Xcode 13.0";
			developmentRegion = en;
			hasScannedForEncodings = 0;
			knownRegions = (
				en,
				Base,
			);
			mainGroup = 04A5BF2F2A156312005C6546;
			productRefGroup = 04A5BF392A156313005C6546 /* Products */;
			projectDirPath = "";
			projectRoot = "";
			targets = (
				04A5BF372A156313005C6546 /* Chat */,
			);
		};
/* End PBXProject section */

/* Begin PBXResourcesBuildPhase section */
		04A5BF362A156313005C6546 /* Resources */ = {
			isa = PBXResourcesBuildPhase;
			buildActionMask = 2147483647;
			files = (
				045C41322A1BFD3B0060E6BB /* TableViewCell.xib in Resources */,
				04A5BF562A1568E7005C6546 /* SignUpViewController.xib in Resources */,
				04A5BF502A1567BA005C6546 /* chat image.png in Resources */,
				04C921CE2A190FD600E81E3F /* GoogleService-Info.plist in Resources */,
				04A5BF5E2A156BEC005C6546 /* ChatViewController.xib in Resources */,
				04A5BF5A2A156A8A005C6546 /* SignInViewController.xib in Resources */,
				045C41362A1C06AB0060E6BB /* avatar.png in Resources */,
				04A5BF482A156319005C6546 /* LaunchScreen.storyboard in Resources */,
				04A5BF452A156319005C6546 /* Assets.xcassets in Resources */,
				04A5BF432A156313005C6546 /* Main.storyboard in Resources */,
			);
			runOnlyForDeploymentPostprocessing = 0;
		};
/* End PBXResourcesBuildPhase section */

/* Begin PBXShellScriptBuildPhase section */
		65DCBF773200D42368891C0E /* [CP] Check Pods Manifest.lock */ = {
			isa = PBXShellScriptBuildPhase;
			buildActionMask = 2147483647;
			files = (
			);
			inputFileListPaths = (
			);
			inputPaths = (
				"${PODS_PODFILE_DIR_PATH}/Podfile.lock",
				"${PODS_ROOT}/Manifest.lock",
			);
			name = "[CP] Check Pods Manifest.lock";
			outputFileListPaths = (
			);
			outputPaths = (
				"$(DERIVED_FILE_DIR)/Pods-Chat-checkManifestLockResult.txt",
			);
			runOnlyForDeploymentPostprocessing = 0;
			shellPath = /bin/sh;
			shellScript = "diff \"${PODS_PODFILE_DIR_PATH}/Podfile.lock\" \"${PODS_ROOT}/Manifest.lock\" > /dev/null\nif [ $? != 0 ] ; then\n    # print error to STDERR\n    echo \"error: The sandbox is not in sync with the Podfile.lock. Run 'pod install' or update your CocoaPods installation.\" >&2\n    exit 1\nfi\n# This output is used by Xcode 'outputs' to avoid re-running this script phase.\necho \"SUCCESS\" > \"${SCRIPT_OUTPUT_FILE_0}\"\n";
			showEnvVarsInLog = 0;
		};
		A40F79DAAEF207354D910465 /* [CP] Embed Pods Frameworks */ = {
			isa = PBXShellScriptBuildPhase;
			buildActionMask = 2147483647;
			files = (
			);
			inputFileListPaths = (
				"${PODS_ROOT}/Target Support Files/Pods-Chat/Pods-Chat-frameworks-${CONFIGURATION}-input-files.xcfilelist",
			);
			name = "[CP] Embed Pods Frameworks";
			outputFileListPaths = (
				"${PODS_ROOT}/Target Support Files/Pods-Chat/Pods-Chat-frameworks-${CONFIGURATION}-output-files.xcfilelist",
			);
			runOnlyForDeploymentPostprocessing = 0;
			shellPath = /bin/sh;
			shellScript = "\"${PODS_ROOT}/Target Support Files/Pods-Chat/Pods-Chat-frameworks.sh\"\n";
			showEnvVarsInLog = 0;
		};
/* End PBXShellScriptBuildPhase section */

/* Begin PBXSourcesBuildPhase section */
		04A5BF342A156313005C6546 /* Sources */ = {
			isa = PBXSourcesBuildPhase;
			buildActionMask = 2147483647;
			files = (
				04A5BF402A156313005C6546 /* RootViewController.swift in Sources */,
				04A5BF3C2A156313005C6546 /* AppDelegate.swift in Sources */,
				04A5BF552A1568E7005C6546 /* SignUpViewController.swift in Sources */,
				0471C1332A1D3C470091C39B /* Message.swift in Sources */,
				04A5BF592A156A8A005C6546 /* SignInViewController.swift in Sources */,
				045C41312A1BFD3B0060E6BB /* TableViewCell.swift in Sources */,
				04A5BF5D2A156BEC005C6546 /* ChatViewController.swift in Sources */,
				04A5BF3E2A156313005C6546 /* SceneDelegate.swift in Sources */,
			);
			runOnlyForDeploymentPostprocessing = 0;
		};
/* End PBXSourcesBuildPhase section */

/* Begin PBXVariantGroup section */
		04A5BF412A156313005C6546 /* Main.storyboard */ = {
			isa = PBXVariantGroup;
			children = (
				04A5BF422A156313005C6546 /* Base */,
			);
			name = Main.storyboard;
			sourceTree = "<group>";
		};
		04A5BF462A156319005C6546 /* LaunchScreen.storyboard */ = {
			isa = PBXVariantGroup;
			children = (
				04A5BF472A156319005C6546 /* Base */,
			);
			name = LaunchScreen.storyboard;
			sourceTree = "<group>";
		};
/* End PBXVariantGroup section */

/* Begin XCBuildConfiguration section */
		04A5BF4A2A156319005C6546 /* Debug */ = {
			isa = XCBuildConfiguration;
			buildSettings = {
				ALWAYS_SEARCH_USER_PATHS = NO;
				CLANG_ANALYZER_NONNULL = YES;
				CLANG_ANALYZER_NUMBER_OBJECT_CONVERSION = YES_AGGRESSIVE;
				CLANG_CXX_LANGUAGE_STANDARD = "gnu++17";
				CLANG_CXX_LIBRARY = "libc++";
				CLANG_ENABLE_MODULES = YES;
				CLANG_ENABLE_OBJC_ARC = YES;
				CLANG_ENABLE_OBJC_WEAK = YES;
				CLANG_WARN_BLOCK_CAPTURE_AUTORELEASING = YES;
				CLANG_WARN_BOOL_CONVERSION = YES;
				CLANG_WARN_COMMA = YES;
				CLANG_WARN_CONSTANT_CONVERSION = YES;
				CLANG_WARN_DEPRECATED_OBJC_IMPLEMENTATIONS = YES;
				CLANG_WARN_DIRECT_OBJC_ISA_USAGE = YES_ERROR;
				CLANG_WARN_DOCUMENTATION_COMMENTS = YES;
				CLANG_WARN_EMPTY_BODY = YES;
				CLANG_WARN_ENUM_CONVERSION = YES;
				CLANG_WARN_INFINITE_RECURSION = YES;
				CLANG_WARN_INT_CONVERSION = YES;
				CLANG_WARN_NON_LITERAL_NULL_CONVERSION = YES;
				CLANG_WARN_OBJC_IMPLICIT_RETAIN_SELF = YES;
				CLANG_WARN_OBJC_LITERAL_CONVERSION = YES;
				CLANG_WARN_OBJC_ROOT_CLASS = YES_ERROR;
				CLANG_WARN_QUOTED_INCLUDE_IN_FRAMEWORK_HEADER = YES;
				CLANG_WARN_RANGE_LOOP_ANALYSIS = YES;
				CLANG_WARN_STRICT_PROTOTYPES = YES;
				CLANG_WARN_SUSPICIOUS_MOVE = YES;
				CLANG_WARN_UNGUARDED_AVAILABILITY = YES_AGGRESSIVE;
				CLANG_WARN_UNREACHABLE_CODE = YES;
				CLANG_WARN__DUPLICATE_METHOD_MATCH = YES;
				COPY_PHASE_STRIP = NO;
				DEBUG_INFORMATION_FORMAT = dwarf;
				ENABLE_STRICT_OBJC_MSGSEND = YES;
				ENABLE_TESTABILITY = YES;
				GCC_C_LANGUAGE_STANDARD = gnu11;
				GCC_DYNAMIC_NO_PIC = NO;
				GCC_NO_COMMON_BLOCKS = YES;
				GCC_OPTIMIZATION_LEVEL = 0;
				GCC_PREPROCESSOR_DEFINITIONS = (
					"DEBUG=1",
					"$(inherited)",
				);
				GCC_WARN_64_TO_32_BIT_CONVERSION = YES;
				GCC_WARN_ABOUT_RETURN_TYPE = YES_ERROR;
				GCC_WARN_UNDECLARED_SELECTOR = YES;
				GCC_WARN_UNINITIALIZED_AUTOS = YES_AGGRESSIVE;
				GCC_WARN_UNUSED_FUNCTION = YES;
				GCC_WARN_UNUSED_VARIABLE = YES;
				IPHONEOS_DEPLOYMENT_TARGET = 15.2;
				MTL_ENABLE_DEBUG_INFO = INCLUDE_SOURCE;
				MTL_FAST_MATH = YES;
				ONLY_ACTIVE_ARCH = YES;
				SDKROOT = iphoneos;
				SWIFT_ACTIVE_COMPILATION_CONDITIONS = DEBUG;
				SWIFT_OPTIMIZATION_LEVEL = "-Onone";
			};
			name = Debug;
		};
		04A5BF4B2A156319005C6546 /* Release */ = {
			isa = XCBuildConfiguration;
			buildSettings = {
				ALWAYS_SEARCH_USER_PATHS = NO;
				CLANG_ANALYZER_NONNULL = YES;
				CLANG_ANALYZER_NUMBER_OBJECT_CONVERSION = YES_AGGRESSIVE;
				CLANG_CXX_LANGUAGE_STANDARD = "gnu++17";
				CLANG_CXX_LIBRARY = "libc++";
				CLANG_ENABLE_MODULES = YES;
				CLANG_ENABLE_OBJC_ARC = YES;
				CLANG_ENABLE_OBJC_WEAK = YES;
				CLANG_WARN_BLOCK_CAPTURE_AUTORELEASING = YES;
				CLANG_WARN_BOOL_CONVERSION = YES;
				CLANG_WARN_COMMA = YES;
				CLANG_WARN_CONSTANT_CONVERSION = YES;
				CLANG_WARN_DEPRECATED_OBJC_IMPLEMENTATIONS = YES;
				CLANG_WARN_DIRECT_OBJC_ISA_USAGE = YES_ERROR;
				CLANG_WARN_DOCUMENTATION_COMMENTS = YES;
				CLANG_WARN_EMPTY_BODY = YES;
				CLANG_WARN_ENUM_CONVERSION = YES;
				CLANG_WARN_INFINITE_RECURSION = YES;
				CLANG_WARN_INT_CONVERSION = YES;
				CLANG_WARN_NON_LITERAL_NULL_CONVERSION = YES;
				CLANG_WARN_OBJC_IMPLICIT_RETAIN_SELF = YES;
				CLANG_WARN_OBJC_LITERAL_CONVERSION = YES;
				CLANG_WARN_OBJC_ROOT_CLASS = YES_ERROR;
				CLANG_WARN_QUOTED_INCLUDE_IN_FRAMEWORK_HEADER = YES;
				CLANG_WARN_RANGE_LOOP_ANALYSIS = YES;
				CLANG_WARN_STRICT_PROTOTYPES = YES;
				CLANG_WARN_SUSPICIOUS_MOVE = YES;
				CLANG_WARN_UNGUARDED_AVAILABILITY = YES_AGGRESSIVE;
				CLANG_WARN_UNREACHABLE_CODE = YES;
				CLANG_WARN__DUPLICATE_METHOD_MATCH = YES;
				COPY_PHASE_STRIP = NO;
				DEBUG_INFORMATION_FORMAT = "dwarf-with-dsym";
				ENABLE_NS_ASSERTIONS = NO;
				ENABLE_STRICT_OBJC_MSGSEND = YES;
				GCC_C_LANGUAGE_STANDARD = gnu11;
				GCC_NO_COMMON_BLOCKS = YES;
				GCC_WARN_64_TO_32_BIT_CONVERSION = YES;
				GCC_WARN_ABOUT_RETURN_TYPE = YES_ERROR;
				GCC_WARN_UNDECLARED_SELECTOR = YES;
				GCC_WARN_UNINITIALIZED_AUTOS = YES_AGGRESSIVE;
				GCC_WARN_UNUSED_FUNCTION = YES;
				GCC_WARN_UNUSED_VARIABLE = YES;
				IPHONEOS_DEPLOYMENT_TARGET = 15.2;
				MTL_ENABLE_DEBUG_INFO = NO;
				MTL_FAST_MATH = YES;
				SDKROOT = iphoneos;
				SWIFT_COMPILATION_MODE = wholemodule;
				SWIFT_OPTIMIZATION_LEVEL = "-O";
				VALIDATE_PRODUCT = YES;
			};
			name = Release;
		};
		04A5BF4D2A156319005C6546 /* Debug */ = {
			isa = XCBuildConfiguration;
			baseConfigurationReference = C5B8D73EFE4019284D4E0088 /* Pods-Chat.debug.xcconfig */;
			buildSettings = {
				ASSETCATALOG_COMPILER_APPICON_NAME = AppIcon;
				ASSETCATALOG_COMPILER_GLOBAL_ACCENT_COLOR_NAME = AccentColor;
				CODE_SIGN_STYLE = Automatic;
				CURRENT_PROJECT_VERSION = 1;
				DEVELOPMENT_TEAM = 5VK9MGNRY3;
				GENERATE_INFOPLIST_FILE = YES;
				INFOPLIST_FILE = Chat/Info.plist;
				INFOPLIST_KEY_UIApplicationSupportsIndirectInputEvents = YES;
				INFOPLIST_KEY_UILaunchStoryboardName = LaunchScreen;
				INFOPLIST_KEY_UIMainStoryboardFile = Main;
				INFOPLIST_KEY_UISupportedInterfaceOrientations_iPad = "UIInterfaceOrientationPortrait UIInterfaceOrientationPortraitUpsideDown UIInterfaceOrientationLandscapeLeft UIInterfaceOrientationLandscapeRight";
				INFOPLIST_KEY_UISupportedInterfaceOrientations_iPhone = "UIInterfaceOrientationPortrait UIInterfaceOrientationLandscapeLeft UIInterfaceOrientationLandscapeRight";
				LD_RUNPATH_SEARCH_PATHS = (
					"$(inherited)",
					"@executable_path/Frameworks",
				);
				MARKETING_VERSION = 1.0;
				PRODUCT_BUNDLE_IDENTIFIER = com.pavelshymanski.Chat;
				PRODUCT_NAME = "$(TARGET_NAME)";
				SWIFT_EMIT_LOC_STRINGS = YES;
				SWIFT_VERSION = 5.0;
				TARGETED_DEVICE_FAMILY = "1,2";
			};
			name = Debug;
		};
		04A5BF4E2A156319005C6546 /* Release */ = {
			isa = XCBuildConfiguration;
			baseConfigurationReference = 31E8F93A00A52566DCF708EC /* Pods-Chat.release.xcconfig */;
			buildSettings = {
				ASSETCATALOG_COMPILER_APPICON_NAME = AppIcon;
				ASSETCATALOG_COMPILER_GLOBAL_ACCENT_COLOR_NAME = AccentColor;
				CODE_SIGN_STYLE = Automatic;
				CURRENT_PROJECT_VERSION = 1;
				DEVELOPMENT_TEAM = 5VK9MGNRY3;
				GENERATE_INFOPLIST_FILE = YES;
				INFOPLIST_FILE = Chat/Info.plist;
				INFOPLIST_KEY_UIApplicationSupportsIndirectInputEvents = YES;
				INFOPLIST_KEY_UILaunchStoryboardName = LaunchScreen;
				INFOPLIST_KEY_UIMainStoryboardFile = Main;
				INFOPLIST_KEY_UISupportedInterfaceOrientations_iPad = "UIInterfaceOrientationPortrait UIInterfaceOrientationPortraitUpsideDown UIInterfaceOrientationLandscapeLeft UIInterfaceOrientationLandscapeRight";
				INFOPLIST_KEY_UISupportedInterfaceOrientations_iPhone = "UIInterfaceOrientationPortrait UIInterfaceOrientationLandscapeLeft UIInterfaceOrientationLandscapeRight";
				LD_RUNPATH_SEARCH_PATHS = (
					"$(inherited)",
					"@executable_path/Frameworks",
				);
				MARKETING_VERSION = 1.0;
				PRODUCT_BUNDLE_IDENTIFIER = com.pavelshymanski.Chat;
				PRODUCT_NAME = "$(TARGET_NAME)";
				SWIFT_EMIT_LOC_STRINGS = YES;
				SWIFT_VERSION = 5.0;
				TARGETED_DEVICE_FAMILY = "1,2";
			};
			name = Release;
		};
/* End XCBuildConfiguration section */

/* Begin XCConfigurationList section */
		04A5BF332A156312005C6546 /* Build configuration list for PBXProject "Chat" */ = {
			isa = XCConfigurationList;
			buildConfigurations = (
				04A5BF4A2A156319005C6546 /* Debug */,
				04A5BF4B2A156319005C6546 /* Release */,
			);
			defaultConfigurationIsVisible = 0;
			defaultConfigurationName = Release;
		};
		04A5BF4C2A156319005C6546 /* Build configuration list for PBXNativeTarget "Chat" */ = {
			isa = XCConfigurationList;
			buildConfigurations = (
				04A5BF4D2A156319005C6546 /* Debug */,
				04A5BF4E2A156319005C6546 /* Release */,
			);
			defaultConfigurationIsVisible = 0;
			defaultConfigurationName = Release;
		};
/* End XCConfigurationList section */
	};
	rootObject = 04A5BF302A156312005C6546 /* Project object */;
}
